
Microsoft Visual Studio Solution File, Format Version 12.00
# Visual Studio Version 17
VisualStudioVersion = 17.7.34031.279
MinimumVisualStudioVersion = 10.0.40219.1
Project("{2150E333-8FDC-42A3-9474-1A3956D46DE8}") = "1 - OEE", "1 - OEE", "{A7655D18-71C7-416B-BCC5-EA0DE2DAFC24}"
EndProject
Project("{2150E333-8FDC-42A3-9474-1A3956D46DE8}") = "1.1 - API", "1.1 - API", "{476C14C2-8623-4EA7-A19F-2EF7AEFDAB42}"
EndProject
Project("{2150E333-8FDC-42A3-9474-1A3956D46DE8}") = "1.2 - Application", "1.2 - Application", "{3294B896-83A7-4362-B782-6C8C76780D3A}"
EndProject
Project("{2150E333-8FDC-42A3-9474-1A3956D46DE8}") = "1.3 - Domain", "1.3 - Domain", "{B86A7B73-E25B-4B5C-8125-65A862F30C6A}"
EndProject
Project("{2150E333-8FDC-42A3-9474-1A3956D46DE8}") = "1.4 - Infrastructure", "1.4 - Infrastructure", "{05637AC0-2049-473E-A72A-FB6A7C190734}"
EndProject
Project("{9A19103F-16F7-4668-BE54-9A1E7A4F7556}") = "OEE.API", "OEE.API\OEE.API.csproj", "{D8EBA166-AB91-4D82-B21D-AF3AA0082DFD}"
	ProjectSection(ProjectDependencies) = postProject
		{774FF434-621A-41B5-B3D3-F75824C3F73E} = {774FF434-621A-41B5-B3D3-F75824C3F73E}
		{D4DA6516-F0B8-44D6-A6A1-1F4CDB2E63DA} = {D4DA6516-F0B8-44D6-A6A1-1F4CDB2E63DA}
	EndProjectSection
EndProject
Project("{9A19103F-16F7-4668-BE54-9A1E7A4F7556}") = "OEE.Application", "OEE.Application\OEE.Application.csproj", "{774FF434-621A-41B5-B3D3-F75824C3F73E}"
	ProjectSection(ProjectDependencies) = postProject
		{A011186E-E18E-4F08-B402-0C731F24E4E2} = {A011186E-E18E-4F08-B402-0C731F24E4E2}
		{D4DA6516-F0B8-44D6-A6A1-1F4CDB2E63DA} = {D4DA6516-F0B8-44D6-A6A1-1F4CDB2E63DA}
	EndProjectSection
EndProject
Project("{9A19103F-16F7-4668-BE54-9A1E7A4F7556}") = "OEE.Domain", "OEE.Domain\OEE.Domain.csproj", "{D4DA6516-F0B8-44D6-A6A1-1F4CDB2E63DA}"
EndProject
Project("{9A19103F-16F7-4668-BE54-9A1E7A4F7556}") = "OEE.Infrastructure", "OEE.Infrastructure\OEE.Infrastructure.csproj", "{A011186E-E18E-4F08-B402-0C731F24E4E2}"
	ProjectSection(ProjectDependencies) = postProject
		{D4DA6516-F0B8-44D6-A6A1-1F4CDB2E63DA} = {D4DA6516-F0B8-44D6-A6A1-1F4CDB2E63DA}
	EndProjectSection
EndProject
Global
	GlobalSection(SolutionConfigurationPlatforms) = preSolution
		Debug|Any CPU = Debug|Any CPU
		Release|Any CPU = Release|Any CPU
	EndGlobalSection
	GlobalSection(ProjectConfigurationPlatforms) = postSolution
		{D8EBA166-AB91-4D82-B21D-AF3AA0082DFD}.Debug|Any CPU.ActiveCfg = Debug|Any CPU
		{D8EBA166-AB91-4D82-B21D-AF3AA0082DFD}.Debug|Any CPU.Build.0 = Debug|Any CPU
		{D8EBA166-AB91-4D82-B21D-AF3AA0082DFD}.Release|Any CPU.ActiveCfg = Release|Any CPU
		{D8EBA166-AB91-4D82-B21D-AF3AA0082DFD}.Release|Any CPU.Build.0 = Release|Any CPU
		{774FF434-621A-41B5-B3D3-F75824C3F73E}.Debug|Any CPU.ActiveCfg = Debug|Any CPU
		{774FF434-621A-41B5-B3D3-F75824C3F73E}.Debug|Any CPU.Build.0 = Debug|Any CPU
		{774FF434-621A-41B5-B3D3-F75824C3F73E}.Release|Any CPU.ActiveCfg = Release|Any CPU
		{774FF434-621A-41B5-B3D3-F75824C3F73E}.Release|Any CPU.Build.0 = Release|Any CPU
		{D4DA6516-F0B8-44D6-A6A1-1F4CDB2E63DA}.Debug|Any CPU.ActiveCfg = Debug|Any CPU
		{D4DA6516-F0B8-44D6-A6A1-1F4CDB2E63DA}.Debug|Any CPU.Build.0 = Debug|Any CPU
		{D4DA6516-F0B8-44D6-A6A1-1F4CDB2E63DA}.Release|Any CPU.ActiveCfg = Release|Any CPU
		{D4DA6516-F0B8-44D6-A6A1-1F4CDB2E63DA}.Release|Any CPU.Build.0 = Release|Any CPU
		{A011186E-E18E-4F08-B402-0C731F24E4E2}.Debug|Any CPU.ActiveCfg = Debug|Any CPU
		{A011186E-E18E-4F08-B402-0C731F24E4E2}.Debug|Any CPU.Build.0 = Debug|Any CPU
		{A011186E-E18E-4F08-B402-0C731F24E4E2}.Release|Any CPU.ActiveCfg = Release|Any CPU
		{A011186E-E18E-4F08-B402-0C731F24E4E2}.Release|Any CPU.Build.0 = Release|Any CPU
	EndGlobalSection
	GlobalSection(SolutionProperties) = preSolution
		HideSolutionNode = FALSE
	EndGlobalSection
	GlobalSection(NestedProjects) = preSolution
		{476C14C2-8623-4EA7-A19F-2EF7AEFDAB42} = {A7655D18-71C7-416B-BCC5-EA0DE2DAFC24}
		{3294B896-83A7-4362-B782-6C8C76780D3A} = {A7655D18-71C7-416B-BCC5-EA0DE2DAFC24}
		{B86A7B73-E25B-4B5C-8125-65A862F30C6A} = {A7655D18-71C7-416B-BCC5-EA0DE2DAFC24}
		{05637AC0-2049-473E-A72A-FB6A7C190734} = {A7655D18-71C7-416B-BCC5-EA0DE2DAFC24}
		{D8EBA166-AB91-4D82-B21D-AF3AA0082DFD} = {476C14C2-8623-4EA7-A19F-2EF7AEFDAB42}
		{774FF434-621A-41B5-B3D3-F75824C3F73E} = {3294B896-83A7-4362-B782-6C8C76780D3A}
		{D4DA6516-F0B8-44D6-A6A1-1F4CDB2E63DA} = {B86A7B73-E25B-4B5C-8125-65A862F30C6A}
		{A011186E-E18E-4F08-B402-0C731F24E4E2} = {05637AC0-2049-473E-A72A-FB6A7C190734}
	EndGlobalSection
	GlobalSection(ExtensibilityGlobals) = postSolution
		SolutionGuid = {F2436689-E250-4ACA-B2C2-2D5FC94FA2C3}
	EndGlobalSection
EndGlobal
