
Microsoft Visual Studio Solution File, Format Version 12.00
# Visual Studio Version 17
VisualStudioVersion = 17.7.34031.279
MinimumVisualStudioVersion = 10.0.40219.1
Project("{2150E333-8FDC-42A3-9474-1A3956D46DE8}") = "1 - OEE", "1 - OEE", "{A7655D18-71C7-416B-BCC5-EA0DE2DAFC24}"
EndProject
Project("{2150E333-8FDC-42A3-9474-1A3956D46DE8}") = "1.1 - API", "1.1 - API", "{476C14C2-8623-4EA7-A19F-2EF7AEFDAB42}"
EndProject
Project("{2150E333-8FDC-42A3-9474-1A3956D46DE8}") = "1.2 - Application", "1.2 - Application", "{3294B896-83A7-4362-B782-6C8C76780D3A}"
EndProject
Project("{2150E333-8FDC-42A3-9474-1A3956D46DE8}") = "1.3 - Domain", "1.3 - Domain", "{B86A7B73-E25B-4B5C-8125-65A862F30C6A}"
EndProject
Project("{2150E333-8FDC-42A3-9474-1A3956D46DE8}") = "1.4 - Infrastructure", "1.4 - Infrastructure", "{05637AC0-2049-473E-A72A-FB6A7C190734}"
EndProject
Project("{9A19103F-16F7-4668-BE54-9A1E7A4F7556}") = "OEE.Infrastructure", "Sequor.CCGL.Andon.OEE.Infrastructure\OEE.Infrastructure.csproj", "{EAC37E11-8C4C-4BDF-8D87-6B3632C676D0}"
	ProjectSection(ProjectDependencies) = postProject
		{9AAC536C-8D3E-43E0-A924-5D85F098D1C4} = {9AAC536C-8D3E-43E0-A924-5D85F098D1C4}
	EndProjectSection
EndProject
Project("{9A19103F-16F7-4668-BE54-9A1E7A4F7556}") = "OEE.Domain", "Sequor.CCGL.Andon.OEE.Domain\OEE.Domain.csproj", "{9AAC536C-8D3E-43E0-A924-5D85F098D1C4}"
EndProject
Project("{9A19103F-16F7-4668-BE54-9A1E7A4F7556}") = "OEE.Application", "Sequor.CCGL.Andon.OEE.Application\OEE.Application.csproj", "{DA1B7FD6-7BBF-4060-AB26-343C1AA69FA1}"
	ProjectSection(ProjectDependencies) = postProject
		{9AAC536C-8D3E-43E0-A924-5D85F098D1C4} = {9AAC536C-8D3E-43E0-A924-5D85F098D1C4}
	EndProjectSection
EndProject
Project("{9A19103F-16F7-4668-BE54-9A1E7A4F7556}") = "OEE.API", "Sequor.CCGL.Andon.OEE.API\OEE.API.csproj", "{0753CC6A-8296-4D0D-B1AF-EA73D6DCCCC3}"
EndProject
Global
	GlobalSection(SolutionConfigurationPlatforms) = preSolution
		Debug|Any CPU = Debug|Any CPU
		Release|Any CPU = Release|Any CPU
	EndGlobalSection
	GlobalSection(ProjectConfigurationPlatforms) = postSolution
		{EAC37E11-8C4C-4BDF-8D87-6B3632C676D0}.Debug|Any CPU.ActiveCfg = Debug|Any CPU
		{EAC37E11-8C4C-4BDF-8D87-6B3632C676D0}.Debug|Any CPU.Build.0 = Debug|Any CPU
		{EAC37E11-8C4C-4BDF-8D87-6B3632C676D0}.Release|Any CPU.ActiveCfg = Release|Any CPU
		{EAC37E11-8C4C-4BDF-8D87-6B3632C676D0}.Release|Any CPU.Build.0 = Release|Any CPU
		{9AAC536C-8D3E-43E0-A924-5D85F098D1C4}.Debug|Any CPU.ActiveCfg = Debug|Any CPU
		{9AAC536C-8D3E-43E0-A924-5D85F098D1C4}.Debug|Any CPU.Build.0 = Debug|Any CPU
		{9AAC536C-8D3E-43E0-A924-5D85F098D1C4}.Release|Any CPU.ActiveCfg = Release|Any CPU
		{9AAC536C-8D3E-43E0-A924-5D85F098D1C4}.Release|Any CPU.Build.0 = Release|Any CPU
		{DA1B7FD6-7BBF-4060-AB26-343C1AA69FA1}.Debug|Any CPU.ActiveCfg = Debug|Any CPU
		{DA1B7FD6-7BBF-4060-AB26-343C1AA69FA1}.Debug|Any CPU.Build.0 = Debug|Any CPU
		{DA1B7FD6-7BBF-4060-AB26-343C1AA69FA1}.Release|Any CPU.ActiveCfg = Release|Any CPU
		{DA1B7FD6-7BBF-4060-AB26-343C1AA69FA1}.Release|Any CPU.Build.0 = Release|Any CPU
		{0753CC6A-8296-4D0D-B1AF-EA73D6DCCCC3}.Debug|Any CPU.ActiveCfg = Debug|Any CPU
		{0753CC6A-8296-4D0D-B1AF-EA73D6DCCCC3}.Debug|Any CPU.Build.0 = Debug|Any CPU
		{0753CC6A-8296-4D0D-B1AF-EA73D6DCCCC3}.Release|Any CPU.ActiveCfg = Release|Any CPU
		{0753CC6A-8296-4D0D-B1AF-EA73D6DCCCC3}.Release|Any CPU.Build.0 = Release|Any CPU
	EndGlobalSection
	GlobalSection(SolutionProperties) = preSolution
		HideSolutionNode = FALSE
	EndGlobalSection
	GlobalSection(NestedProjects) = preSolution
		{476C14C2-8623-4EA7-A19F-2EF7AEFDAB42} = {A7655D18-71C7-416B-BCC5-EA0DE2DAFC24}
		{3294B896-83A7-4362-B782-6C8C76780D3A} = {A7655D18-71C7-416B-BCC5-EA0DE2DAFC24}
		{B86A7B73-E25B-4B5C-8125-65A862F30C6A} = {A7655D18-71C7-416B-BCC5-EA0DE2DAFC24}
		{05637AC0-2049-473E-A72A-FB6A7C190734} = {A7655D18-71C7-416B-BCC5-EA0DE2DAFC24}
		{EAC37E11-8C4C-4BDF-8D87-6B3632C676D0} = {05637AC0-2049-473E-A72A-FB6A7C190734}
		{9AAC536C-8D3E-43E0-A924-5D85F098D1C4} = {B86A7B73-E25B-4B5C-8125-65A862F30C6A}
		{DA1B7FD6-7BBF-4060-AB26-343C1AA69FA1} = {3294B896-83A7-4362-B782-6C8C76780D3A}
		{0753CC6A-8296-4D0D-B1AF-EA73D6DCCCC3} = {476C14C2-8623-4EA7-A19F-2EF7AEFDAB42}
	EndGlobalSection
	GlobalSection(ExtensibilityGlobals) = postSolution
		SolutionGuid = {F2436689-E250-4ACA-B2C2-2D5FC94FA2C3}
	EndGlobalSection
EndGlobal
